
Microsoft Visual Studio Solution File, Format Version 12.00
# Visual Studio Version 16
VisualStudioVersion = 16.0.32126.315
MinimumVisualStudioVersion = 10.0.40219.1
Project("{FAE04EC0-301F-11D3-BF4B-00C04F79EFBC}") = "WebAppOrder", "WebAppOrder.csproj", "{985791D8-D8C2-4009-AABB-BAE282956C65}"
EndProject
Global
	GlobalSection(SolutionConfigurationPlatforms) = preSolution
		Debug|Any CPU = Debug|Any CPU
		Release|Any CPU = Release|Any CPU
	EndGlobalSection
	GlobalSection(ProjectConfigurationPlatforms) = postSolution
		{985791D8-D8C2-4009-AABB-BAE282956C65}.Debug|Any CPU.ActiveCfg = Debug|Any CPU
		{985791D8-D8C2-4009-AABB-BAE282956C65}.Debug|Any CPU.Build.0 = Debug|Any CPU
		{985791D8-D8C2-4009-AABB-BAE282956C65}.Release|Any CPU.ActiveCfg = Release|Any CPU
		{985791D8-D8C2-4009-AABB-BAE282956C65}.Release|Any CPU.Build.0 = Release|Any CPU
	EndGlobalSection
	GlobalSection(SolutionProperties) = preSolution
		HideSolutionNode = FALSE
	EndGlobalSection
	GlobalSection(ExtensibilityGlobals) = postSolution
		SolutionGuid = {6EA2C44A-1C09-414B-9A92-30954A41D010}
	EndGlobalSection
EndGlobal
